
Microsoft Visual Studio Solution File, Format Version 12.00
# Visual Studio 15
VisualStudioVersion = 15.0.28307.1585
MinimumVisualStudioVersion = 10.0.40219.1
Project("{FAE04EC0-301F-11D3-BF4B-00C04F79EFBC}") = "ProyectoFinalAvance", "ProyectoFinalAvance\ProyectoFinalAvance.csproj", "{8697614B-0314-4AD4-AF40-71248B177EE8}"
EndProject
Global
	GlobalSection(SolutionConfigurationPlatforms) = preSolution
		Debug|Any CPU = Debug|Any CPU
		Release|Any CPU = Release|Any CPU
	EndGlobalSection
	GlobalSection(ProjectConfigurationPlatforms) = postSolution
		{8697614B-0314-4AD4-AF40-71248B177EE8}.Debug|Any CPU.ActiveCfg = Debug|Any CPU
		{8697614B-0314-4AD4-AF40-71248B177EE8}.Debug|Any CPU.Build.0 = Debug|Any CPU
		{8697614B-0314-4AD4-AF40-71248B177EE8}.Release|Any CPU.ActiveCfg = Release|Any CPU
		{8697614B-0314-4AD4-AF40-71248B177EE8}.Release|Any CPU.Build.0 = Release|Any CPU
	EndGlobalSection
	GlobalSection(SolutionProperties) = preSolution
		HideSolutionNode = FALSE
	EndGlobalSection
	GlobalSection(ExtensibilityGlobals) = postSolution
		SolutionGuid = {A1A505E2-694B-4082-B606-C7851B320F7F}
	EndGlobalSection
EndGlobal
